
Microsoft Visual Studio Solution File, Format Version 12.00
# Visual Studio Version 16
VisualStudioVersion = 16.0.31112.23
MinimumVisualStudioVersion = 10.0.40219.1
Project("{FAE04EC0-301F-11D3-BF4B-00C04F79EFBC}") = "Parallel_N-Body", "Parallel_N-Body\Parallel_N-Body.csproj", "{5957961D-E204-4E48-BE9F-0F76A1BA9E97}"
EndProject
Global
	GlobalSection(SolutionConfigurationPlatforms) = preSolution
		Debug|Any CPU = Debug|Any CPU
		Release|Any CPU = Release|Any CPU
	EndGlobalSection
	GlobalSection(ProjectConfigurationPlatforms) = postSolution
		{5957961D-E204-4E48-BE9F-0F76A1BA9E97}.Debug|Any CPU.ActiveCfg = Debug|Any CPU
		{5957961D-E204-4E48-BE9F-0F76A1BA9E97}.Debug|Any CPU.Build.0 = Debug|Any CPU
		{5957961D-E204-4E48-BE9F-0F76A1BA9E97}.Release|Any CPU.ActiveCfg = Release|Any CPU
		{5957961D-E204-4E48-BE9F-0F76A1BA9E97}.Release|Any CPU.Build.0 = Release|Any CPU
	EndGlobalSection
	GlobalSection(SolutionProperties) = preSolution
		HideSolutionNode = FALSE
	EndGlobalSection
	GlobalSection(ExtensibilityGlobals) = postSolution
		SolutionGuid = {41DA8A90-406B-4462-B486-B9871FB26856}
	EndGlobalSection
EndGlobal
